
Microsoft Visual Studio Solution File, Format Version 12.00
# Visual Studio Version 16
VisualStudioVersion = 16.0.28803.916
MinimumVisualStudioVersion = 10.0.40219.1
Project("{FAE04EC0-301F-11D3-BF4B-00C04F79EFBC}") = "Contagem de Controles", "Contagem de Controles\Contagem de Controles.csproj", "{9EEB20A2-F4B8-407B-9547-3EDF6262F62C}"
EndProject
Global
	GlobalSection(SolutionConfigurationPlatforms) = preSolution
		Debug|Any CPU = Debug|Any CPU
		Release|Any CPU = Release|Any CPU
	EndGlobalSection
	GlobalSection(ProjectConfigurationPlatforms) = postSolution
		{9EEB20A2-F4B8-407B-9547-3EDF6262F62C}.Debug|Any CPU.ActiveCfg = Debug|Any CPU
		{9EEB20A2-F4B8-407B-9547-3EDF6262F62C}.Debug|Any CPU.Build.0 = Debug|Any CPU
		{9EEB20A2-F4B8-407B-9547-3EDF6262F62C}.Release|Any CPU.ActiveCfg = Release|Any CPU
		{9EEB20A2-F4B8-407B-9547-3EDF6262F62C}.Release|Any CPU.Build.0 = Release|Any CPU
	EndGlobalSection
	GlobalSection(SolutionProperties) = preSolution
		HideSolutionNode = FALSE
	EndGlobalSection
	GlobalSection(ExtensibilityGlobals) = postSolution
		SolutionGuid = {DD1FDC5F-8773-4FC5-B669-DEF69BA01CCB}
	EndGlobalSection
EndGlobal
